
Microsoft Visual Studio Solution File, Format Version 12.00
# Visual Studio Version 16
VisualStudioVersion = 16.0.31410.357
MinimumVisualStudioVersion = 10.0.40219.1
Project("{FAE04EC0-301F-11D3-BF4B-00C04F79EFBC}") = "Movie Registration", "Movie Registration\Movie Registration.csproj", "{D5D664D1-FF78-4ED4-AC8B-98A86738639E}"
EndProject
Global
	GlobalSection(SolutionConfigurationPlatforms) = preSolution
		Debug|Any CPU = Debug|Any CPU
		Release|Any CPU = Release|Any CPU
	EndGlobalSection
	GlobalSection(ProjectConfigurationPlatforms) = postSolution
		{D5D664D1-FF78-4ED4-AC8B-98A86738639E}.Debug|Any CPU.ActiveCfg = Debug|Any CPU
		{D5D664D1-FF78-4ED4-AC8B-98A86738639E}.Debug|Any CPU.Build.0 = Debug|Any CPU
		{D5D664D1-FF78-4ED4-AC8B-98A86738639E}.Release|Any CPU.ActiveCfg = Release|Any CPU
		{D5D664D1-FF78-4ED4-AC8B-98A86738639E}.Release|Any CPU.Build.0 = Release|Any CPU
	EndGlobalSection
	GlobalSection(SolutionProperties) = preSolution
		HideSolutionNode = FALSE
	EndGlobalSection
	GlobalSection(ExtensibilityGlobals) = postSolution
		SolutionGuid = {EAFBD81C-8B12-495C-9E76-1D57B9144BA0}
	EndGlobalSection
EndGlobal
